
Microsoft Visual Studio Solution File, Format Version 12.00
# Visual Studio Version 17
VisualStudioVersion = 17.7.34221.43
MinimumVisualStudioVersion = 10.0.40219.1
Project("{FAE04EC0-301F-11D3-BF4B-00C04F79EFBC}") = "BlazorAppChat.API", "BlazorAppChat.API\BlazorAppChat.API.csproj", "{159FAAFE-FE1D-4996-BF53-6C325F8DC677}"
EndProject
Project("{FAE04EC0-301F-11D3-BF4B-00C04F79EFBC}") = "BlazorAppChat.Blazor", "BlazorAppChat.Blazor\BlazorAppChat.Blazor.csproj", "{B3276F2B-7161-4180-8F20-24CB424CD14F}"
EndProject
Global
	GlobalSection(SolutionConfigurationPlatforms) = preSolution
		Debug|Any CPU = Debug|Any CPU
		Release|Any CPU = Release|Any CPU
	EndGlobalSection
	GlobalSection(ProjectConfigurationPlatforms) = postSolution
		{159FAAFE-FE1D-4996-BF53-6C325F8DC677}.Debug|Any CPU.ActiveCfg = Debug|Any CPU
		{159FAAFE-FE1D-4996-BF53-6C325F8DC677}.Debug|Any CPU.Build.0 = Debug|Any CPU
		{159FAAFE-FE1D-4996-BF53-6C325F8DC677}.Release|Any CPU.ActiveCfg = Release|Any CPU
		{159FAAFE-FE1D-4996-BF53-6C325F8DC677}.Release|Any CPU.Build.0 = Release|Any CPU
		{B3276F2B-7161-4180-8F20-24CB424CD14F}.Debug|Any CPU.ActiveCfg = Debug|Any CPU
		{B3276F2B-7161-4180-8F20-24CB424CD14F}.Debug|Any CPU.Build.0 = Debug|Any CPU
		{B3276F2B-7161-4180-8F20-24CB424CD14F}.Release|Any CPU.ActiveCfg = Release|Any CPU
		{B3276F2B-7161-4180-8F20-24CB424CD14F}.Release|Any CPU.Build.0 = Release|Any CPU
	EndGlobalSection
	GlobalSection(SolutionProperties) = preSolution
		HideSolutionNode = FALSE
	EndGlobalSection
	GlobalSection(ExtensibilityGlobals) = postSolution
		SolutionGuid = {50085264-79FB-4380-A98E-522EA6F27288}
	EndGlobalSection
EndGlobal
